Microsoft Visual Studio Solution File, Format Version 12.00
# Visual Studio Version 17
VisualStudioVersion = 17.5.2.0
MinimumVisualStudioVersion = 10.0.40219.1
Project("{FAE04EC0-301F-11D3-BF4B-00C04F79EFBC}") = "PadelApp", "PadelApp.csproj", "{AAD82A7B-E508-0EDA-4E92-174C85953F1D}"
EndProject
Global
	GlobalSection(SolutionConfigurationPlatforms) = preSolution
		Debug|Any CPU = Debug|Any CPU
		Release|Any CPU = Release|Any CPU
	EndGlobalSection
	GlobalSection(ProjectConfigurationPlatforms) = postSolution
		{AAD82A7B-E508-0EDA-4E92-174C85953F1D}.Debug|Any CPU.ActiveCfg = Debug|Any CPU
		{AAD82A7B-E508-0EDA-4E92-174C85953F1D}.Debug|Any CPU.Build.0 = Debug|Any CPU
		{AAD82A7B-E508-0EDA-4E92-174C85953F1D}.Release|Any CPU.ActiveCfg = Release|Any CPU
		{AAD82A7B-E508-0EDA-4E92-174C85953F1D}.Release|Any CPU.Build.0 = Release|Any CPU
	EndGlobalSection
	GlobalSection(SolutionProperties) = preSolution
		HideSolutionNode = FALSE
	EndGlobalSection
	GlobalSection(ExtensibilityGlobals) = postSolution
		SolutionGuid = {786EE8AA-3576-4CA3-A26E-C742276CCE5D}
	EndGlobalSection
EndGlobal
